
Microsoft Visual Studio Solution File, Format Version 12.00
# Visual Studio Version 17
VisualStudioVersion = 17.8.34322.80
MinimumVisualStudioVersion = 10.0.40219.1
Project("{54A90642-561A-4BB1-A94E-469ADEE60C69}") = "homebudgetproject", "homebudgetproject.esproj", "{A9857706-C039-4A3C-8997-3F5756AE92A3}"
EndProject
Global
	GlobalSection(SolutionConfigurationPlatforms) = preSolution
		Debug|Any CPU = Debug|Any CPU
		Release|Any CPU = Release|Any CPU
	EndGlobalSection
	GlobalSection(ProjectConfigurationPlatforms) = postSolution
		{A9857706-C039-4A3C-8997-3F5756AE92A3}.Debug|Any CPU.ActiveCfg = Debug|Any CPU
		{A9857706-C039-4A3C-8997-3F5756AE92A3}.Debug|Any CPU.Build.0 = Debug|Any CPU
		{A9857706-C039-4A3C-8997-3F5756AE92A3}.Debug|Any CPU.Deploy.0 = Debug|Any CPU
		{A9857706-C039-4A3C-8997-3F5756AE92A3}.Release|Any CPU.ActiveCfg = Release|Any CPU
		{A9857706-C039-4A3C-8997-3F5756AE92A3}.Release|Any CPU.Build.0 = Release|Any CPU
		{A9857706-C039-4A3C-8997-3F5756AE92A3}.Release|Any CPU.Deploy.0 = Release|Any CPU
	EndGlobalSection
	GlobalSection(SolutionProperties) = preSolution
		HideSolutionNode = FALSE
	EndGlobalSection
	GlobalSection(ExtensibilityGlobals) = postSolution
		SolutionGuid = {C00E1AB3-6D9E-4159-9F17-94EE44FB8A2D}
	EndGlobalSection
EndGlobal
